<?xml version="1.0" encoding="utf-8"?>
<Project ToolsVersion="4.0" xmlns="http://schemas.microsoft.com/developer/msbuild/2003">
  <ItemGroup>
    <ClCompile Include="Main.cpp" />
    <ClCompile Include="Object.cpp" />
    <ClCompile Include="ObjectPlus.cpp" />
    <ClCompile Include="StackableObject.cpp" />
  </ItemGroup>
  <ItemGroup>
    <ClInclude Include="StateMachine.h" />
    <ClInclude Include="Object.h" />
    <ClInclude Include="ObjectPlus.h" />
    <ClInclude Include="StackableObject.h" />
  </ItemGroup>
</Project>